{
  "nodes": {
    "nixpkgs": {
      "locked": {
        "lastModified": 1682134069,
        "narHash": "sha256-TnI/ZXSmRxQDt2sjRYK/8j8iha4B4zP2cnQCZZ3vp7k=",
        "owner": "NixOS",
        "repo": "nixpkgs",
        "rev": "fd901ef4bf93499374c5af385b2943f5801c0833",
        "type": "github"
      },
      "original": {
        "owner": "NixOS",
        "ref": "nixos-22.11",
        "repo": "nixpkgs",
        "type": "github"
      }
    },
    "nixpkgs-mozilla": {
      "locked": {
        "lastModified": 1677493379,
        "narHash": "sha256-A1gO8zlWLv3+tZ3cGVB1WYvvoN9pbFyv0xIJHcTsckw=",
        "owner": "mozilla",
        "repo": "nixpkgs-mozilla",
        "rev": "78e723925daf5c9e8d0a1837ec27059e61649cb6",
        "type": "github"
      },
      "original": {
        "owner": "mozilla",
        "ref": "master",
        "repo": "nixpkgs-mozilla",
        "type": "github"
      }
    },
    "root": {
      "inputs": {
        "nixpkgs": "nixpkgs",
        "nixpkgs-mozilla": "nixpkgs-mozilla"
      }
    }
  },
  "root": "root",
  "version": 7
}
