{
  "nodes": {
    "flake-utils": {
      "locked": {
        "lastModified": 1779836347,
        "narHash": "sha256-iDFc7E++ec+vK5oQ+VEgM9/g6OUzDX4nZWswxRvu9AU=",
        "owner": "SpiralP",
        "repo": "nix-flake-utils",
        "rev": "3d5c8493434284aab42f394e02b59f66f0849b65",
        "type": "github"
      },
      "original": {
        "owner": "SpiralP",
        "repo": "nix-flake-utils",
        "type": "github"
      }
    },
    "nixpkgs": {
      "locked": {
        "lastModified": 1781509190,
        "narHash": "sha256-uJZs9Di8I6ciTp6jiojj0HzlNpBkud8ax5aT/O5aJkw=",
        "owner": "NixOS",
        "repo": "nixpkgs",
        "rev": "d6df3513510aa548c83868fd22bfddd0a8c0a0d4",
        "type": "github"
      },
      "original": {
        "owner": "NixOS",
        "ref": "nixos-25.11",
        "repo": "nixpkgs",
        "type": "github"
      }
    },
    "root": {
      "inputs": {
        "flake-utils": "flake-utils",
        "nixpkgs": "nixpkgs"
      }
    }
  },
  "root": "root",
  "version": 7
}
