{
  "nodes": {
    "flake-utils": {
      "locked": {
        "lastModified": 1779836347,
        "narHash": "sha256-iDFc7E++ec+vK5oQ+VEgM9/g6OUzDX4nZWswxRvu9AU=",
        "owner": "SpiralP",
        "repo": "nix-flake-utils",
        "rev": "3d5c8493434284aab42f394e02b59f66f0849b65",
        "type": "github"
      },
      "original": {
        "owner": "SpiralP",
        "repo": "nix-flake-utils",
        "type": "github"
      }
    },
    "nixpkgs": {
      "locked": {
        "lastModified": 1782847189,
        "narHash": "sha256-twXPFqFsrrY5r28Zh7Homgcp2gUMBgQ6WDS98Q/3xFI=",
        "owner": "NixOS",
        "repo": "nixpkgs",
        "rev": "b6018f87da91d19d0ab4cf979885689b469cdd41",
        "type": "github"
      },
      "original": {
        "owner": "NixOS",
        "ref": "nixos-25.11",
        "repo": "nixpkgs",
        "type": "github"
      }
    },
    "root": {
      "inputs": {
        "flake-utils": "flake-utils",
        "nixpkgs": "nixpkgs"
      }
    }
  },
  "root": "root",
  "version": 7
}
